
Microsoft Visual Studio Solution File, Format Version 12.00
# Visual Studio Version 16
VisualStudioVersion = 25.0.1705.7
MinimumVisualStudioVersion = 10.0.40219.1
Project("{FAE04EC0-301F-11D3-BF4B-00C04F79EFBC}") = "RubrikSecurityCloud.Client", "RubrikSecurityCloud.Client.csproj", "{8D165E64-319B-4509-8ED8-7F230E1D207C}"
EndProject
Global
	GlobalSection(SolutionConfigurationPlatforms) = preSolution
		Debug|Any CPU = Debug|Any CPU
		Release|Any CPU = Release|Any CPU
	EndGlobalSection
	GlobalSection(ProjectConfigurationPlatforms) = postSolution
		{8D165E64-319B-4509-8ED8-7F230E1D207C}.Debug|Any CPU.ActiveCfg = Debug|Any CPU
		{8D165E64-319B-4509-8ED8-7F230E1D207C}.Debug|Any CPU.Build.0 = Debug|Any CPU
		{8D165E64-319B-4509-8ED8-7F230E1D207C}.Release|Any CPU.ActiveCfg = Release|Any CPU
		{8D165E64-319B-4509-8ED8-7F230E1D207C}.Release|Any CPU.Build.0 = Release|Any CPU
	EndGlobalSection
	GlobalSection(SolutionProperties) = preSolution
		HideSolutionNode = FALSE
	EndGlobalSection
	GlobalSection(ExtensibilityGlobals) = postSolution
		SolutionGuid = {64EB5B70-CBD1-4747-B29F-51F54873842A}
	EndGlobalSection
EndGlobal
